// !$*UTF8*$!
{
	archiveVersion = 1;
	classes = {
	};
	objectVersion = 51;
	objects = {

/* Begin PBXBuildFile section */
		C118025AFD1076AF2BBDA336 /* Pods_DesignCodeAppLessons.framework in Frameworks */ = {isa = PBXBuildFile; fileRef = 4BA07AE877D5C68B471372F8 /* Pods_DesignCodeAppLessons.framework */; };
		F3019C8B22E063FB0043F30E /* SectionViewController.swift in Sources */ = {isa = PBXBuildFile; fileRef = F3019C8A22E063FB0043F30E /* SectionViewController.swift */; };
		F3019C8D22E06C3C0043F30E /* HomeViewController+extension.swift in Sources */ = {isa = PBXBuildFile; fileRef = F3019C8C22E06C3C0043F30E /* HomeViewController+extension.swift */; };
		F3019C8F22E087FE0043F30E /* Data.swift in Sources */ = {isa = PBXBuildFile; fileRef = F3019C8E22E087FE0043F30E /* Data.swift */; };
		F3019C9322E0D2D10043F30E /* TestimonialViewController.swift in Sources */ = {isa = PBXBuildFile; fileRef = F3019C9222E0D2D10043F30E /* TestimonialViewController.swift */; };
		F3019C9522E0D30D0043F30E /* TestimonialCollectionViewCell.swift in Sources */ = {isa = PBXBuildFile; fileRef = F3019C9422E0D30D0043F30E /* TestimonialCollectionViewCell.swift */; };
		F3019C9722E0D4C80043F30E /* TestimonialViewController+extension.swift in Sources */ = {isa = PBXBuildFile; fileRef = F3019C9622E0D4C80043F30E /* TestimonialViewController+extension.swift */; };
		F303A58A22E9BCBF00F086C2 /* ContentAPI.swift in Sources */ = {isa = PBXBuildFile; fileRef = F303A58922E9BCBF00F086C2 /* ContentAPI.swift */; };
		F30AEEC322E584B100B9FA2D /* BookmarksTableViewController.swift in Sources */ = {isa = PBXBuildFile; fileRef = F30AEEC222E584B100B9FA2D /* BookmarksTableViewController.swift */; };
		F30AEEC522E58B4600B9FA2D /* BookmarkTableViewCell.swift in Sources */ = {isa = PBXBuildFile; fileRef = F30AEEC422E58B4600B9FA2D /* BookmarkTableViewCell.swift */; };
		F3155D1922E5D5BF00BD1B64 /* PresentSectionViewController.swift in Sources */ = {isa = PBXBuildFile; fileRef = F3155D1822E5D5BF00BD1B64 /* PresentSectionViewController.swift */; };
		F3155D1B22E6195A00BD1B64 /* InteractionPanToClose.swift in Sources */ = {isa = PBXBuildFile; fileRef = F3155D1A22E6195A00BD1B64 /* InteractionPanToClose.swift */; };
		F3155D1D22E61C1300BD1B64 /* InteractionPanToClose+extension.swift in Sources */ = {isa = PBXBuildFile; fileRef = F3155D1C22E61C1300BD1B64 /* InteractionPanToClose+extension.swift */; };
		F333587322E5924C0002B8C1 /* WebViewController.swift in Sources */ = {isa = PBXBuildFile; fileRef = F333587222E5924C0002B8C1 /* WebViewController.swift */; };
		F333587522E59B3C0002B8C1 /* MoreViewController.swift in Sources */ = {isa = PBXBuildFile; fileRef = F333587422E59B3C0002B8C1 /* MoreViewController.swift */; };
		F333587822E5B8C00002B8C1 /* WebKit.framework in Frameworks */ = {isa = PBXBuildFile; fileRef = F333587722E5B8C00002B8C1 /* WebKit.framework */; };
		F333587A22E5C8D10002B8C1 /* UIViewController+extension.swift in Sources */ = {isa = PBXBuildFile; fileRef = F333587922E5C8D10002B8C1 /* UIViewController+extension.swift */; };
		F34AFA0A22E99BE000A2D9CB /* PresentMoreViewController.swift in Sources */ = {isa = PBXBuildFile; fileRef = F34AFA0922E99BE000A2D9CB /* PresentMoreViewController.swift */; };
		F34AFA0C22E99D2500A2D9CB /* PresentMoreViewController+extension.swift in Sources */ = {isa = PBXBuildFile; fileRef = F34AFA0B22E99D2500A2D9CB /* PresentMoreViewController+extension.swift */; };
		F34AFA0E22E99E1500A2D9CB /* CATransform3D+extension.swift in Sources */ = {isa = PBXBuildFile; fileRef = F34AFA0D22E99E1500A2D9CB /* CATransform3D+extension.swift */; };
		F35A16C622E64C280093E879 /* PurchaseViewController.swift in Sources */ = {isa = PBXBuildFile; fileRef = F35A16C522E64C280093E879 /* PurchaseViewController.swift */; };
		F37FFD8C22EC21DD00097097 /* RealmManager.swift in Sources */ = {isa = PBXBuildFile; fileRef = F37FFD8B22EC21DD00097097 /* RealmManager.swift */; };
		F39CF51E22E7502500B0B95C /* DiscountViewController.swift in Sources */ = {isa = PBXBuildFile; fileRef = F39CF51D22E7502500B0B95C /* DiscountViewController.swift */; };
		F39CF52022E7513D00B0B95C /* UILabel+extension.swift in Sources */ = {isa = PBXBuildFile; fileRef = F39CF51F22E7513D00B0B95C /* UILabel+extension.swift */; };
		F3B72FFA22E2611D00D46BA3 /* ChaptersViewController.swift in Sources */ = {isa = PBXBuildFile; fileRef = F3B72FF922E2611D00D46BA3 /* ChaptersViewController.swift */; };
		F3B72FFC22E261BF00D46BA3 /* ChaptersViewController+extension.swift in Sources */ = {isa = PBXBuildFile; fileRef = F3B72FFB22E261BF00D46BA3 /* ChaptersViewController+extension.swift */; };
		F3C4F2D122E75C040039D352 /* LoginViewController.swift in Sources */ = {isa = PBXBuildFile; fileRef = F3C4F2D022E75C040039D352 /* LoginViewController.swift */; };
		F3DF2A1B22DF0FB90025684E /* AppDelegate.swift in Sources */ = {isa = PBXBuildFile; fileRef = F3DF2A1A22DF0FB90025684E /* AppDelegate.swift */; };
		F3DF2A1D22DF0FB90025684E /* HomeViewController.swift in Sources */ = {isa = PBXBuildFile; fileRef = F3DF2A1C22DF0FB90025684E /* HomeViewController.swift */; };
		F3DF2A2022DF0FB90025684E /* Main.storyboard in Resources */ = {isa = PBXBuildFile; fileRef = F3DF2A1E22DF0FB90025684E /* Main.storyboard */; };
		F3DF2A2522DF0FBA0025684E /* Assets.xcassets in Resources */ = {isa = PBXBuildFile; fileRef = F3DF2A2422DF0FBA0025684E /* Assets.xcassets */; };
		F3DF2A2822DF0FBA0025684E /* LaunchScreen.storyboard in Resources */ = {isa = PBXBuildFile; fileRef = F3DF2A2622DF0FBA0025684E /* LaunchScreen.storyboard */; };
		F3E0903622EC39CB00FDA884 /* Resource.swift in Sources */ = {isa = PBXBuildFile; fileRef = F3E0903522EC39CB00FDA884 /* Resource.swift */; };
		F3E0903822EC3EC400FDA884 /* String+HTMLDecoding.swift in Sources */ = {isa = PBXBuildFile; fileRef = F3E0903722EC3EC400FDA884 /* String+HTMLDecoding.swift */; };
		F3E0903A22EC3EEB00FDA884 /* UIColor+Hexadecimal.swift in Sources */ = {isa = PBXBuildFile; fileRef = F3E0903922EC3EEB00FDA884 /* UIColor+Hexadecimal.swift */; };
		F3E0903E22EC421700FDA884 /* SectionBodyTableViewCell.swift in Sources */ = {isa = PBXBuildFile; fileRef = F3E0903C22EC421700FDA884 /* SectionBodyTableViewCell.swift */; };
		F3E0903F22EC421700FDA884 /* SectionMediaTableViewCell.swift in Sources */ = {isa = PBXBuildFile; fileRef = F3E0903D22EC421700FDA884 /* SectionMediaTableViewCell.swift */; };
		F3E0904122EC454E00FDA884 /* SectionCollectionViewCell.swift in Sources */ = {isa = PBXBuildFile; fileRef = F3E0904022EC454D00FDA884 /* SectionCollectionViewCell.swift */; };
		F3F198C122E8375A00AEB874 /* MKRingProgressView+extension.swift in Sources */ = {isa = PBXBuildFile; fileRef = F3F198C022E8375A00AEB874 /* MKRingProgressView+extension.swift */; };
		F3F198C322E83D1900AEB874 /* ExerciseTableViewCell.swift in Sources */ = {isa = PBXBuildFile; fileRef = F3F198C222E83D1900AEB874 /* ExerciseTableViewCell.swift */; };
		F3F198C522E83DBB00AEB874 /* ExerciseTableViewCell+extension.swift in Sources */ = {isa = PBXBuildFile; fileRef = F3F198C422E83DBB00AEB874 /* ExerciseTableViewCell+extension.swift */; };
		F3F198C722E83ED500AEB874 /* ExercisesTableViewController.swift in Sources */ = {isa = PBXBuildFile; fileRef = F3F198C622E83ED500AEB874 /* ExercisesTableViewController.swift */; };
		F3F198C922E8407600AEB874 /* ExerciseDialogViewController.swift in Sources */ = {isa = PBXBuildFile; fileRef = F3F198C822E8407600AEB874 /* ExerciseDialogViewController.swift */; };
		F3F198CB22E87FE700AEB874 /* QuestionCollectionViewCell.swift in Sources */ = {isa = PBXBuildFile; fileRef = F3F198CA22E87FE700AEB874 /* QuestionCollectionViewCell.swift */; };
		F3F198CD22E8838C00AEB874 /* QuestionCellDelegate.swift in Sources */ = {isa = PBXBuildFile; fileRef = F3F198CC22E8838C00AEB874 /* QuestionCellDelegate.swift */; };
		F3F198CF22E8869B00AEB874 /* ExerciseTableViewCellDelegate.swift in Sources */ = {isa = PBXBuildFile; fileRef = F3F198CE22E8869B00AEB874 /* ExerciseTableViewCellDelegate.swift */; };
		F3F198D122E888A500AEB874 /* ExercisesTableViewController+extension.swift in Sources */ = {isa = PBXBuildFile; fileRef = F3F198D022E888A500AEB874 /* ExercisesTableViewController+extension.swift */; };
		F3F198D322E8897000AEB874 /* ScoreCollectionViewCell.swift in Sources */ = {isa = PBXBuildFile; fileRef = F3F198D222E8897000AEB874 /* ScoreCollectionViewCell.swift */; };
		F3F198D522E88A9500AEB874 /* ScoreCellDelegate.swift in Sources */ = {isa = PBXBuildFile; fileRef = F3F198D422E88A9500AEB874 /* ScoreCellDelegate.swift */; };
		F3F198D722E8901700AEB874 /* UIImage+extension.swift in Sources */ = {isa = PBXBuildFile; fileRef = F3F198D622E8901700AEB874 /* UIImage+extension.swift */; };
		F3F198D922E8AE0900AEB874 /* BenefitsViewController.swift in Sources */ = {isa = PBXBuildFile; fileRef = F3F198D822E8AE0900AEB874 /* BenefitsViewController.swift */; };
		F3F198DB22E8B04000AEB874 /* BenefitCollectionViewCell.swift in Sources */ = {isa = PBXBuildFile; fileRef = F3F198DA22E8B04000AEB874 /* BenefitCollectionViewCell.swift */; };
		F3F198DD22E8B12300AEB874 /* BenefitsViewController+extension.swift in Sources */ = {isa = PBXBuildFile; fileRef = F3F198DC22E8B12300AEB874 /* BenefitsViewController+extension.swift */; };
		F3F198DF22E8BB1900AEB874 /* Embed.storyboard in Resources */ = {isa = PBXBuildFile; fileRef = F3F198DE22E8BB1900AEB874 /* Embed.storyboard */; };
		F3F198E422E8BC6E00AEB874 /* WebViewController.storyboard in Resources */ = {isa = PBXBuildFile; fileRef = F3F198E322E8BC6E00AEB874 /* WebViewController.storyboard */; };
		F3F198E722E8BD0C00AEB874 /* Dialogs.storyboard in Resources */ = {isa = PBXBuildFile; fileRef = F3F198E622E8BD0C00AEB874 /* Dialogs.storyboard */; };
		F3F198EA22E8BDDA00AEB874 /* Section.storyboard in Resources */ = {isa = PBXBuildFile; fileRef = F3F198E922E8BDDA00AEB874 /* Section.storyboard */; };
/* End PBXBuildFile section */

/* Begin PBXFileReference section */
		4BA07AE877D5C68B471372F8 /* Pods_DesignCodeAppLessons.framework */ = {isa = PBXFileReference; explicitFileType = wrapper.framework; includeInIndex = 0; path = Pods_DesignCodeAppLessons.framework; sourceTree = BUILT_PRODUCTS_DIR; };
		5AC7D78DC305AD4876EF7C68 /* Pods-DesignCodeAppLessons.debug.xcconfig */ = {isa = PBXFileReference; includeInIndex = 1; lastKnownFileType = text.xcconfig; name = "Pods-DesignCodeAppLessons.debug.xcconfig"; path = "Pods/Target Support Files/Pods-DesignCodeAppLessons/Pods-DesignCodeAppLessons.debug.xcconfig"; sourceTree = "<group>"; };
		99AF522CC4802C9E395E9914 /* Pods-DesignCodeAppLessons.release.xcconfig */ = {isa = PBXFileReference; includeInIndex = 1; lastKnownFileType = text.xcconfig; name = "Pods-DesignCodeAppLessons.release.xcconfig"; path = "Pods/Target Support Files/Pods-DesignCodeAppLessons/Pods-DesignCodeAppLessons.release.xcconfig"; sourceTree = "<group>"; };
		F3019C8A22E063FB0043F30E /* SectionViewController.swift */ = {isa = PBXFileReference; lastKnownFileType = sourcecode.swift; path = SectionViewController.swift; sourceTree = "<group>"; };
		F3019C8C22E06C3C0043F30E /* HomeViewController+extension.swift */ = {isa = PBXFileReference; lastKnownFileType = sourcecode.swift; path = "HomeViewController+extension.swift"; sourceTree = "<group>"; };
		F3019C8E22E087FE0043F30E /* Data.swift */ = {isa = PBXFileReference; lastKnownFileType = sourcecode.swift; path = Data.swift; sourceTree = "<group>"; };
		F3019C9222E0D2D10043F30E /* TestimonialViewController.swift */ = {isa = PBXFileReference; lastKnownFileType = sourcecode.swift; path = TestimonialViewController.swift; sourceTree = "<group>"; };
		F3019C9422E0D30D0043F30E /* TestimonialCollectionViewCell.swift */ = {isa = PBXFileReference; lastKnownFileType = sourcecode.swift; path = TestimonialCollectionViewCell.swift; sourceTree = "<group>"; };
		F3019C9622E0D4C80043F30E /* TestimonialViewController+extension.swift */ = {isa = PBXFileReference; lastKnownFileType = sourcecode.swift; path = "TestimonialViewController+extension.swift"; sourceTree = "<group>"; };
		F303A58922E9BCBF00F086C2 /* ContentAPI.swift */ = {isa = PBXFileReference; lastKnownFileType = sourcecode.swift; path = ContentAPI.swift; sourceTree = "<group>"; };
		F30AEEC222E584B100B9FA2D /* BookmarksTableViewController.swift */ = {isa = PBXFileReference; lastKnownFileType = sourcecode.swift; path = BookmarksTableViewController.swift; sourceTree = "<group>"; };
		F30AEEC422E58B4600B9FA2D /* BookmarkTableViewCell.swift */ = {isa = PBXFileReference; lastKnownFileType = sourcecode.swift; path = BookmarkTableViewCell.swift; sourceTree = "<group>"; };
		F3155D1822E5D5BF00BD1B64 /* PresentSectionViewController.swift */ = {isa = PBXFileReference; lastKnownFileType = sourcecode.swift; path = PresentSectionViewController.swift; sourceTree = "<group>"; };
		F3155D1A22E6195A00BD1B64 /* InteractionPanToClose.swift */ = {isa = PBXFileReference; lastKnownFileType = sourcecode.swift; path = InteractionPanToClose.swift; sourceTree = "<group>"; };
		F3155D1C22E61C1300BD1B64 /* InteractionPanToClose+extension.swift */ = {isa = PBXFileReference; lastKnownFileType = sourcecode.swift; path = "InteractionPanToClose+extension.swift"; sourceTree = "<group>"; };
		F333587222E5924C0002B8C1 /* WebViewController.swift */ = {isa = PBXFileReference; lastKnownFileType = sourcecode.swift; path = WebViewController.swift; sourceTree = "<group>"; };
		F333587422E59B3C0002B8C1 /* MoreViewController.swift */ = {isa = PBXFileReference; lastKnownFileType = sourcecode.swift; path = MoreViewController.swift; sourceTree = "<group>"; };
		F333587722E5B8C00002B8C1 /* WebKit.framework */ = {isa = PBXFileReference; lastKnownFileType = wrapper.framework; name = WebKit.framework; path = System/Library/Frameworks/WebKit.framework; sourceTree = SDKROOT; };
		F333587922E5C8D10002B8C1 /* UIViewController+extension.swift */ = {isa = PBXFileReference; lastKnownFileType = sourcecode.swift; path = "UIViewController+extension.swift"; sourceTree = "<group>"; };
		F34AFA0922E99BE000A2D9CB /* PresentMoreViewController.swift */ = {isa = PBXFileReference; lastKnownFileType = sourcecode.swift; path = PresentMoreViewController.swift; sourceTree = "<group>"; };
		F34AFA0B22E99D2500A2D9CB /* PresentMoreViewController+extension.swift */ = {isa = PBXFileReference; lastKnownFileType = sourcecode.swift; path = "PresentMoreViewController+extension.swift"; sourceTree = "<group>"; };
		F34AFA0D22E99E1500A2D9CB /* CATransform3D+extension.swift */ = {isa = PBXFileReference; lastKnownFileType = sourcecode.swift; path = "CATransform3D+extension.swift"; sourceTree = "<group>"; };
		F35A16C522E64C280093E879 /* PurchaseViewController.swift */ = {isa = PBXFileReference; lastKnownFileType = sourcecode.swift; path = PurchaseViewController.swift; sourceTree = "<group>"; };
		F37FFD8B22EC21DD00097097 /* RealmManager.swift */ = {isa = PBXFileReference; lastKnownFileType = sourcecode.swift; path = RealmManager.swift; sourceTree = "<group>"; };
		F39CF51D22E7502500B0B95C /* DiscountViewController.swift */ = {isa = PBXFileReference; lastKnownFileType = sourcecode.swift; path = DiscountViewController.swift; sourceTree = "<group>"; };
		F39CF51F22E7513D00B0B95C /* UILabel+extension.swift */ = {isa = PBXFileReference; lastKnownFileType = sourcecode.swift; path = "UILabel+extension.swift"; sourceTree = "<group>"; };
		F3B72FF922E2611D00D46BA3 /* ChaptersViewController.swift */ = {isa = PBXFileReference; lastKnownFileType = sourcecode.swift; path = ChaptersViewController.swift; sourceTree = "<group>"; };
		F3B72FFB22E261BF00D46BA3 /* ChaptersViewController+extension.swift */ = {isa = PBXFileReference; lastKnownFileType = sourcecode.swift; path = "ChaptersViewController+extension.swift"; sourceTree = "<group>"; };
		F3C4F2D022E75C040039D352 /* LoginViewController.swift */ = {isa = PBXFileReference; lastKnownFileType = sourcecode.swift; path = LoginViewController.swift; sourceTree = "<group>"; };
		F3DF2A1722DF0FB90025684E /* DesignCodeAppLessons.app */ = {isa = PBXFileReference; explicitFileType = wrapper.application; includeInIndex = 0; path = DesignCodeAppLessons.app; sourceTree = BUILT_PRODUCTS_DIR; };
		F3DF2A1A22DF0FB90025684E /* AppDelegate.swift */ = {isa = PBXFileReference; lastKnownFileType = sourcecode.swift; path = AppDelegate.swift; sourceTree = "<group>"; };
		F3DF2A1C22DF0FB90025684E /* HomeViewController.swift */ = {isa = PBXFileReference; lastKnownFileType = sourcecode.swift; path = HomeViewController.swift; sourceTree = "<group>"; };
		F3DF2A1F22DF0FB90025684E /* Base */ = {isa = PBXFileReference; lastKnownFileType = file.storyboard; name = Base; path = Base.lproj/Main.storyboard; sourceTree = "<group>"; };
		F3DF2A2422DF0FBA0025684E /* Assets.xcassets */ = {isa = PBXFileReference; lastKnownFileType = folder.assetcatalog; path = Assets.xcassets; sourceTree = "<group>"; };
		F3DF2A2722DF0FBA0025684E /* Base */ = {isa = PBXFileReference; lastKnownFileType = file.storyboard; name = Base; path = Base.lproj/LaunchScreen.storyboard; sourceTree = "<group>"; };
		F3DF2A2922DF0FBA0025684E /* Info.plist */ = {isa = PBXFileReference; lastKnownFileType = text.plist.xml; path = Info.plist; sourceTree = "<group>"; };
		F3E0903522EC39CB00FDA884 /* Resource.swift */ = {isa = PBXFileReference; lastKnownFileType = sourcecode.swift; path = Resource.swift; sourceTree = "<group>"; };
		F3E0903722EC3EC400FDA884 /* String+HTMLDecoding.swift */ = {isa = PBXFileReference; lastKnownFileType = sourcecode.swift; path = "String+HTMLDecoding.swift"; sourceTree = "<group>"; };
		F3E0903922EC3EEB00FDA884 /* UIColor+Hexadecimal.swift */ = {isa = PBXFileReference; lastKnownFileType = sourcecode.swift; path = "UIColor+Hexadecimal.swift"; sourceTree = "<group>"; };
		F3E0903C22EC421700FDA884 /* SectionBodyTableViewCell.swift */ = {isa = PBXFileReference; fileEncoding = 4; lastKnownFileType = sourcecode.swift; path = SectionBodyTableViewCell.swift; sourceTree = "<group>"; };
		F3E0903D22EC421700FDA884 /* SectionMediaTableViewCell.swift */ = {isa = PBXFileReference; fileEncoding = 4; lastKnownFileType = sourcecode.swift; path = SectionMediaTableViewCell.swift; sourceTree = "<group>"; };
		F3E0904022EC454D00FDA884 /* SectionCollectionViewCell.swift */ = {isa = PBXFileReference; fileEncoding = 4; lastKnownFileType = sourcecode.swift; path = SectionCollectionViewCell.swift; sourceTree = "<group>"; };
		F3F198C022E8375A00AEB874 /* MKRingProgressView+extension.swift */ = {isa = PBXFileReference; lastKnownFileType = sourcecode.swift; path = "MKRingProgressView+extension.swift"; sourceTree = "<group>"; };
		F3F198C222E83D1900AEB874 /* ExerciseTableViewCell.swift */ = {isa = PBXFileReference; lastKnownFileType = sourcecode.swift; path = ExerciseTableViewCell.swift; sourceTree = "<group>"; };
		F3F198C422E83DBB00AEB874 /* ExerciseTableViewCell+extension.swift */ = {isa = PBXFileReference; lastKnownFileType = sourcecode.swift; path = "ExerciseTableViewCell+extension.swift"; sourceTree = "<group>"; };
		F3F198C622E83ED500AEB874 /* ExercisesTableViewController.swift */ = {isa = PBXFileReference; lastKnownFileType = sourcecode.swift; path = ExercisesTableViewController.swift; sourceTree = "<group>"; };
		F3F198C822E8407600AEB874 /* ExerciseDialogViewController.swift */ = {isa = PBXFileReference; lastKnownFileType = sourcecode.swift; path = ExerciseDialogViewController.swift; sourceTree = "<group>"; };
		F3F198CA22E87FE700AEB874 /* QuestionCollectionViewCell.swift */ = {isa = PBXFileReference; lastKnownFileType = sourcecode.swift; path = QuestionCollectionViewCell.swift; sourceTree = "<group>"; };
		F3F198CC22E8838C00AEB874 /* QuestionCellDelegate.swift */ = {isa = PBXFileReference; lastKnownFileType = sourcecode.swift; path = QuestionCellDelegate.swift; sourceTree = "<group>"; };
		F3F198CE22E8869B00AEB874 /* ExerciseTableViewCellDelegate.swift */ = {isa = PBXFileReference; lastKnownFileType = sourcecode.swift; path = ExerciseTableViewCellDelegate.swift; sourceTree = "<group>"; };
		F3F198D022E888A500AEB874 /* ExercisesTableViewController+extension.swift */ = {isa = PBXFileReference; lastKnownFileType = sourcecode.swift; path = "ExercisesTableViewController+extension.swift"; sourceTree = "<group>"; };
		F3F198D222E8897000AEB874 /* ScoreCollectionViewCell.swift */ = {isa = PBXFileReference; lastKnownFileType = sourcecode.swift; path = ScoreCollectionViewCell.swift; sourceTree = "<group>"; };
		F3F198D422E88A9500AEB874 /* ScoreCellDelegate.swift */ = {isa = PBXFileReference; lastKnownFileType = sourcecode.swift; path = ScoreCellDelegate.swift; sourceTree = "<group>"; };
		F3F198D622E8901700AEB874 /* UIImage+extension.swift */ = {isa = PBXFileReference; lastKnownFileType = sourcecode.swift; path = "UIImage+extension.swift"; sourceTree = "<group>"; };
		F3F198D822E8AE0900AEB874 /* BenefitsViewController.swift */ = {isa = PBXFileReference; lastKnownFileType = sourcecode.swift; path = BenefitsViewController.swift; sourceTree = "<group>"; };
		F3F198DA22E8B04000AEB874 /* BenefitCollectionViewCell.swift */ = {isa = PBXFileReference; lastKnownFileType = sourcecode.swift; path = BenefitCollectionViewCell.swift; sourceTree = "<group>"; };
		F3F198DC22E8B12300AEB874 /* BenefitsViewController+extension.swift */ = {isa = PBXFileReference; lastKnownFileType = sourcecode.swift; path = "BenefitsViewController+extension.swift"; sourceTree = "<group>"; };
		F3F198DE22E8BB1900AEB874 /* Embed.storyboard */ = {isa = PBXFileReference; fileEncoding = 4; lastKnownFileType = file.storyboard; path = Embed.storyboard; sourceTree = "<group>"; };
		F3F198E322E8BC6E00AEB874 /* WebViewController.storyboard */ = {isa = PBXFileReference; fileEncoding = 4; lastKnownFileType = file.storyboard; path = WebViewController.storyboard; sourceTree = "<group>"; };
		F3F198E622E8BD0C00AEB874 /* Dialogs.storyboard */ = {isa = PBXFileReference; fileEncoding = 4; lastKnownFileType = file.storyboard; path = Dialogs.storyboard; sourceTree = "<group>"; };
		F3F198E922E8BDDA00AEB874 /* Section.storyboard */ = {isa = PBXFileReference; fileEncoding = 4; lastKnownFileType = file.storyboard; path = Section.storyboard; sourceTree = "<group>"; };
/* End PBXFileReference section */

/* Begin PBXFrameworksBuildPhase section */
		F3DF2A1422DF0FB90025684E /* Frameworks */ = {
			isa = PBXFrameworksBuildPhase;
			buildActionMask = 2147483647;
			files = (
				F333587822E5B8C00002B8C1 /* WebKit.framework in Frameworks */,
				C118025AFD1076AF2BBDA336 /* Pods_DesignCodeAppLessons.framework in Frameworks */,
			);
			runOnlyForDeploymentPostprocessing = 0;
		};
/* End PBXFrameworksBuildPhase section */

/* Begin PBXGroup section */
		4F332270E366F1F7EECAA7C7 /* Pods */ = {
			isa = PBXGroup;
			children = (
				5AC7D78DC305AD4876EF7C68 /* Pods-DesignCodeAppLessons.debug.xcconfig */,
				99AF522CC4802C9E395E9914 /* Pods-DesignCodeAppLessons.release.xcconfig */,
			);
			name = Pods;
			sourceTree = "<group>";
		};
		F333587622E5B8BF0002B8C1 /* Frameworks */ = {
			isa = PBXGroup;
			children = (
				F333587722E5B8C00002B8C1 /* WebKit.framework */,
				4BA07AE877D5C68B471372F8 /* Pods_DesignCodeAppLessons.framework */,
			);
			name = Frameworks;
			sourceTree = "<group>";
		};
		F3DF2A0E22DF0FB90025684E = {
			isa = PBXGroup;
			children = (
				F3DF2A1922DF0FB90025684E /* DesignCodeAppLessons */,
				F3DF2A1822DF0FB90025684E /* Products */,
				F333587622E5B8BF0002B8C1 /* Frameworks */,
				4F332270E366F1F7EECAA7C7 /* Pods */,
			);
			sourceTree = "<group>";
		};
		F3DF2A1822DF0FB90025684E /* Products */ = {
			isa = PBXGroup;
			children = (
				F3DF2A1722DF0FB90025684E /* DesignCodeAppLessons.app */,
			);
			name = Products;
			sourceTree = "<group>";
		};
		F3DF2A1922DF0FB90025684E /* DesignCodeAppLessons */ = {
			isa = PBXGroup;
			children = (
				F3F198EB22E8BDF400AEB874 /* Section */,
				F3F198E822E8BD8700AEB874 /* Dialogs */,
				F3F198E522E8BC9A00AEB874 /* WebViewController */,
				F3F198E022E8BB7500AEB874 /* Embed */,
				F3DF2A1A22DF0FB90025684E /* AppDelegate.swift */,
				F3DF2A1C22DF0FB90025684E /* HomeViewController.swift */,
				F3019C8C22E06C3C0043F30E /* HomeViewController+extension.swift */,
				F3E0904022EC454D00FDA884 /* SectionCollectionViewCell.swift */,
				F3B72FF922E2611D00D46BA3 /* ChaptersViewController.swift */,
				F3B72FFB22E261BF00D46BA3 /* ChaptersViewController+extension.swift */,
				F30AEEC222E584B100B9FA2D /* BookmarksTableViewController.swift */,
				F30AEEC422E58B4600B9FA2D /* BookmarkTableViewCell.swift */,
				F333587422E59B3C0002B8C1 /* MoreViewController.swift */,
				F3F198C022E8375A00AEB874 /* MKRingProgressView+extension.swift */,
				F333587922E5C8D10002B8C1 /* UIViewController+extension.swift */,
				F3F198C622E83ED500AEB874 /* ExercisesTableViewController.swift */,
				F3F198D022E888A500AEB874 /* ExercisesTableViewController+extension.swift */,
				F3F198C222E83D1900AEB874 /* ExerciseTableViewCell.swift */,
				F3F198C422E83DBB00AEB874 /* ExerciseTableViewCell+extension.swift */,
				F3019C8E22E087FE0043F30E /* Data.swift */,
				F303A58922E9BCBF00F086C2 /* ContentAPI.swift */,
				F3E0903522EC39CB00FDA884 /* Resource.swift */,
				F37FFD8B22EC21DD00097097 /* RealmManager.swift */,
				F3DF2A1E22DF0FB90025684E /* Main.storyboard */,
				F3F198CA22E87FE700AEB874 /* QuestionCollectionViewCell.swift */,
				F3F198CC22E8838C00AEB874 /* QuestionCellDelegate.swift */,
				F3F198CE22E8869B00AEB874 /* ExerciseTableViewCellDelegate.swift */,
				F3F198D222E8897000AEB874 /* ScoreCollectionViewCell.swift */,
				F3F198D422E88A9500AEB874 /* ScoreCellDelegate.swift */,
				F3E0903B22EC3F0900FDA884 /* Extensions */,
				F34AFA0922E99BE000A2D9CB /* PresentMoreViewController.swift */,
				F34AFA0B22E99D2500A2D9CB /* PresentMoreViewController+extension.swift */,
				F34AFA0D22E99E1500A2D9CB /* CATransform3D+extension.swift */,
				F3DF2A2422DF0FBA0025684E /* Assets.xcassets */,
				F3DF2A2622DF0FBA0025684E /* LaunchScreen.storyboard */,
				F3DF2A2922DF0FBA0025684E /* Info.plist */,
			);
			path = DesignCodeAppLessons;
			sourceTree = "<group>";
		};
		F3E0903B22EC3F0900FDA884 /* Extensions */ = {
			isa = PBXGroup;
			children = (
				F39CF51F22E7513D00B0B95C /* UILabel+extension.swift */,
				F3F198D622E8901700AEB874 /* UIImage+extension.swift */,
				F3E0903722EC3EC400FDA884 /* String+HTMLDecoding.swift */,
				F3E0903922EC3EEB00FDA884 /* UIColor+Hexadecimal.swift */,
			);
			path = Extensions;
			sourceTree = "<group>";
		};
		F3F198E022E8BB7500AEB874 /* Embed */ = {
			isa = PBXGroup;
			children = (
				F3F198DE22E8BB1900AEB874 /* Embed.storyboard */,
				F3019C9222E0D2D10043F30E /* TestimonialViewController.swift */,
				F3019C9622E0D4C80043F30E /* TestimonialViewController+extension.swift */,
				F3019C9422E0D30D0043F30E /* TestimonialCollectionViewCell.swift */,
				F3F198D822E8AE0900AEB874 /* BenefitsViewController.swift */,
				F3F198DA22E8B04000AEB874 /* BenefitCollectionViewCell.swift */,
				F3F198DC22E8B12300AEB874 /* BenefitsViewController+extension.swift */,
			);
			path = Embed;
			sourceTree = "<group>";
		};
		F3F198E522E8BC9A00AEB874 /* WebViewController */ = {
			isa = PBXGroup;
			children = (
				F3F198E322E8BC6E00AEB874 /* WebViewController.storyboard */,
				F333587222E5924C0002B8C1 /* WebViewController.swift */,
			);
			path = WebViewController;
			sourceTree = "<group>";
		};
		F3F198E822E8BD8700AEB874 /* Dialogs */ = {
			isa = PBXGroup;
			children = (
				F3F198E622E8BD0C00AEB874 /* Dialogs.storyboard */,
				F3155D1A22E6195A00BD1B64 /* InteractionPanToClose.swift */,
				F3155D1C22E61C1300BD1B64 /* InteractionPanToClose+extension.swift */,
				F35A16C522E64C280093E879 /* PurchaseViewController.swift */,
				F39CF51D22E7502500B0B95C /* DiscountViewController.swift */,
				F3C4F2D022E75C040039D352 /* LoginViewController.swift */,
				F3F198C822E8407600AEB874 /* ExerciseDialogViewController.swift */,
			);
			path = Dialogs;
			sourceTree = "<group>";
		};
		F3F198EB22E8BDF400AEB874 /* Section */ = {
			isa = PBXGroup;
			children = (
				F3F198E922E8BDDA00AEB874 /* Section.storyboard */,
				F3019C8A22E063FB0043F30E /* SectionViewController.swift */,
				F3155D1822E5D5BF00BD1B64 /* PresentSectionViewController.swift */,
				F3E0903C22EC421700FDA884 /* SectionBodyTableViewCell.swift */,
				F3E0903D22EC421700FDA884 /* SectionMediaTableViewCell.swift */,
			);
			path = Section;
			sourceTree = "<group>";
		};
/* End PBXGroup section */

/* Begin PBXNativeTarget section */
		F3DF2A1622DF0FB90025684E /* DesignCodeAppLessons */ = {
			isa = PBXNativeTarget;
			buildConfigurationList = F3DF2A2C22DF0FBA0025684E /* Build configuration list for PBXNativeTarget "DesignCodeAppLessons" */;
			buildPhases = (
				FF54BCE4C3D7D172FBB3C22E /* [CP] Check Pods Manifest.lock */,
				F3DF2A1322DF0FB90025684E /* Sources */,
				F3DF2A1422DF0FB90025684E /* Frameworks */,
				F3DF2A1522DF0FB90025684E /* Resources */,
				85548376B6CA379B4FE96006 /* [CP] Embed Pods Frameworks */,
			);
			buildRules = (
			);
			dependencies = (
			);
			name = DesignCodeAppLessons;
			productName = DesignCodeAppLessons;
			productReference = F3DF2A1722DF0FB90025684E /* DesignCodeAppLessons.app */;
			productType = "com.apple.product-type.application";
		};
/* End PBXNativeTarget section */

/* Begin PBXProject section */
		F3DF2A0F22DF0FB90025684E /* Project object */ = {
			isa = PBXProject;
			attributes = {
				LastSwiftUpdateCheck = 1020;
				LastUpgradeCheck = 1020;
				ORGANIZATIONNAME = "Mykhailo Bondarenko";
				TargetAttributes = {
					F3DF2A1622DF0FB90025684E = {
						CreatedOnToolsVersion = 10.2.1;
					};
				};
			};
			buildConfigurationList = F3DF2A1222DF0FB90025684E /* Build configuration list for PBXProject "DesignCodeAppLessons" */;
			compatibilityVersion = "Xcode 9.3";
			developmentRegion = en;
			hasScannedForEncodings = 0;
			knownRegions = (
				en,
				Base,
			);
			mainGroup = F3DF2A0E22DF0FB90025684E;
			productRefGroup = F3DF2A1822DF0FB90025684E /* Products */;
			projectDirPath = "";
			projectRoot = "";
			targets = (
				F3DF2A1622DF0FB90025684E /* DesignCodeAppLessons */,
			);
		};
/* End PBXProject section */

/* Begin PBXResourcesBuildPhase section */
		F3DF2A1522DF0FB90025684E /* Resources */ = {
			isa = PBXResourcesBuildPhase;
			buildActionMask = 2147483647;
			files = (
				F3F198EA22E8BDDA00AEB874 /* Section.storyboard in Resources */,
				F3F198E722E8BD0C00AEB874 /* Dialogs.storyboard in Resources */,
				F3F198DF22E8BB1900AEB874 /* Embed.storyboard in Resources */,
				F3DF2A2822DF0FBA0025684E /* LaunchScreen.storyboard in Resources */,
				F3DF2A2522DF0FBA0025684E /* Assets.xcassets in Resources */,
				F3DF2A2022DF0FB90025684E /* Main.storyboard in Resources */,
				F3F198E422E8BC6E00AEB874 /* WebViewController.storyboard in Resources */,
			);
			runOnlyForDeploymentPostprocessing = 0;
		};
/* End PBXResourcesBuildPhase section */

/* Begin PBXShellScriptBuildPhase section */
		85548376B6CA379B4FE96006 /* [CP] Embed Pods Frameworks */ = {
			isa = PBXShellScriptBuildPhase;
			buildActionMask = 2147483647;
			files = (
			);
			inputFileListPaths = (
				"${PODS_ROOT}/Target Support Files/Pods-DesignCodeAppLessons/Pods-DesignCodeAppLessons-frameworks-${CONFIGURATION}-input-files.xcfilelist",
			);
			name = "[CP] Embed Pods Frameworks";
			outputFileListPaths = (
				"${PODS_ROOT}/Target Support Files/Pods-DesignCodeAppLessons/Pods-DesignCodeAppLessons-frameworks-${CONFIGURATION}-output-files.xcfilelist",
			);
			runOnlyForDeploymentPostprocessing = 0;
			shellPath = /bin/sh;
			shellScript = "\"${PODS_ROOT}/Target Support Files/Pods-DesignCodeAppLessons/Pods-DesignCodeAppLessons-frameworks.sh\"\n";
			showEnvVarsInLog = 0;
		};
		FF54BCE4C3D7D172FBB3C22E /* [CP] Check Pods Manifest.lock */ = {
			isa = PBXShellScriptBuildPhase;
			buildActionMask = 2147483647;
			files = (
			);
			inputPaths = (
				"${PODS_PODFILE_DIR_PATH}/Podfile.lock",
				"${PODS_ROOT}/Manifest.lock",
			);
			name = "[CP] Check Pods Manifest.lock";
			outputPaths = (
				"$(DERIVED_FILE_DIR)/Pods-DesignCodeAppLessons-checkManifestLockResult.txt",
			);
			runOnlyForDeploymentPostprocessing = 0;
			shellPath = /bin/sh;
			shellScript = "diff \"${PODS_PODFILE_DIR_PATH}/Podfile.lock\" \"${PODS_ROOT}/Manifest.lock\" > /dev/null\nif [ $? != 0 ] ; then\n    # print error to STDERR\n    echo \"error: The sandbox is not in sync with the Podfile.lock. Run 'pod install' or update your CocoaPods installation.\" >&2\n    exit 1\nfi\n# This output is used by Xcode 'outputs' to avoid re-running this script phase.\necho \"SUCCESS\" > \"${SCRIPT_OUTPUT_FILE_0}\"\n";
			showEnvVarsInLog = 0;
		};
/* End PBXShellScriptBuildPhase section */

/* Begin PBXSourcesBuildPhase section */
		F3DF2A1322DF0FB90025684E /* Sources */ = {
			isa = PBXSourcesBuildPhase;
			buildActionMask = 2147483647;
			files = (
				F3B72FFA22E2611D00D46BA3 /* ChaptersViewController.swift in Sources */,
				F3DF2A1D22DF0FB90025684E /* HomeViewController.swift in Sources */,
				F3F198D722E8901700AEB874 /* UIImage+extension.swift in Sources */,
				F34AFA0C22E99D2500A2D9CB /* PresentMoreViewController+extension.swift in Sources */,
				F3E0903A22EC3EEB00FDA884 /* UIColor+Hexadecimal.swift in Sources */,
				F3E0903E22EC421700FDA884 /* SectionBodyTableViewCell.swift in Sources */,
				F3F198C722E83ED500AEB874 /* ExercisesTableViewController.swift in Sources */,
				F3019C9722E0D4C80043F30E /* TestimonialViewController+extension.swift in Sources */,
				F3F198C922E8407600AEB874 /* ExerciseDialogViewController.swift in Sources */,
				F3019C9322E0D2D10043F30E /* TestimonialViewController.swift in Sources */,
				F333587522E59B3C0002B8C1 /* MoreViewController.swift in Sources */,
				F3019C8F22E087FE0043F30E /* Data.swift in Sources */,
				F303A58A22E9BCBF00F086C2 /* ContentAPI.swift in Sources */,
				F34AFA0E22E99E1500A2D9CB /* CATransform3D+extension.swift in Sources */,
				F37FFD8C22EC21DD00097097 /* RealmManager.swift in Sources */,
				F3B72FFC22E261BF00D46BA3 /* ChaptersViewController+extension.swift in Sources */,
				F3F198CB22E87FE700AEB874 /* QuestionCollectionViewCell.swift in Sources */,
				F3155D1D22E61C1300BD1B64 /* InteractionPanToClose+extension.swift in Sources */,
				F3155D1922E5D5BF00BD1B64 /* PresentSectionViewController.swift in Sources */,
				F3F198D922E8AE0900AEB874 /* BenefitsViewController.swift in Sources */,
				F30AEEC322E584B100B9FA2D /* BookmarksTableViewController.swift in Sources */,
				F3C4F2D122E75C040039D352 /* LoginViewController.swift in Sources */,
				F3E0904122EC454E00FDA884 /* SectionCollectionViewCell.swift in Sources */,
				F3019C9522E0D30D0043F30E /* TestimonialCollectionViewCell.swift in Sources */,
				F3E0903822EC3EC400FDA884 /* String+HTMLDecoding.swift in Sources */,
				F3155D1B22E6195A00BD1B64 /* InteractionPanToClose.swift in Sources */,
				F3019C8B22E063FB0043F30E /* SectionViewController.swift in Sources */,
				F34AFA0A22E99BE000A2D9CB /* PresentMoreViewController.swift in Sources */,
				F3E0903622EC39CB00FDA884 /* Resource.swift in Sources */,
				F3F198D122E888A500AEB874 /* ExercisesTableViewController+extension.swift in Sources */,
				F30AEEC522E58B4600B9FA2D /* BookmarkTableViewCell.swift in Sources */,
				F3F198CF22E8869B00AEB874 /* ExerciseTableViewCellDelegate.swift in Sources */,
				F3019C8D22E06C3C0043F30E /* HomeViewController+extension.swift in Sources */,
				F3F198D522E88A9500AEB874 /* ScoreCellDelegate.swift in Sources */,
				F3F198DB22E8B04000AEB874 /* BenefitCollectionViewCell.swift in Sources */,
				F39CF51E22E7502500B0B95C /* DiscountViewController.swift in Sources */,
				F3F198C122E8375A00AEB874 /* MKRingProgressView+extension.swift in Sources */,
				F39CF52022E7513D00B0B95C /* UILabel+extension.swift in Sources */,
				F3F198C522E83DBB00AEB874 /* ExerciseTableViewCell+extension.swift in Sources */,
				F3E0903F22EC421700FDA884 /* SectionMediaTableViewCell.swift in Sources */,
				F3F198C322E83D1900AEB874 /* ExerciseTableViewCell.swift in Sources */,
				F35A16C622E64C280093E879 /* PurchaseViewController.swift in Sources */,
				F3F198D322E8897000AEB874 /* ScoreCollectionViewCell.swift in Sources */,
				F333587A22E5C8D10002B8C1 /* UIViewController+extension.swift in Sources */,
				F3F198CD22E8838C00AEB874 /* QuestionCellDelegate.swift in Sources */,
				F333587322E5924C0002B8C1 /* WebViewController.swift in Sources */,
				F3DF2A1B22DF0FB90025684E /* AppDelegate.swift in Sources */,
				F3F198DD22E8B12300AEB874 /* BenefitsViewController+extension.swift in Sources */,
			);
			runOnlyForDeploymentPostprocessing = 0;
		};
/* End PBXSourcesBuildPhase section */

/* Begin PBXVariantGroup section */
		F3DF2A1E22DF0FB90025684E /* Main.storyboard */ = {
			isa = PBXVariantGroup;
			children = (
				F3DF2A1F22DF0FB90025684E /* Base */,
			);
			name = Main.storyboard;
			sourceTree = "<group>";
		};
		F3DF2A2622DF0FBA0025684E /* LaunchScreen.storyboard */ = {
			isa = PBXVariantGroup;
			children = (
				F3DF2A2722DF0FBA0025684E /* Base */,
			);
			name = LaunchScreen.storyboard;
			sourceTree = "<group>";
		};
/* End PBXVariantGroup section */

/* Begin XCBuildConfiguration section */
		F3DF2A2A22DF0FBA0025684E /* Debug */ = {
			isa = XCBuildConfiguration;
			buildSettings = {
				ALWAYS_SEARCH_USER_PATHS = NO;
				CLANG_ANALYZER_NONNULL = YES;
				CLANG_ANALYZER_NUMBER_OBJECT_CONVERSION = YES_AGGRESSIVE;
				CLANG_CXX_LANGUAGE_STANDARD = "gnu++14";
				CLANG_CXX_LIBRARY = "libc++";
				CLANG_ENABLE_MODULES = YES;
				CLANG_ENABLE_OBJC_ARC = YES;
				CLANG_ENABLE_OBJC_WEAK = YES;
				CLANG_WARN_BLOCK_CAPTURE_AUTORELEASING = YES;
				CLANG_WARN_BOOL_CONVERSION = YES;
				CLANG_WARN_COMMA = YES;
				CLANG_WARN_CONSTANT_CONVERSION = YES;
				CLANG_WARN_DEPRECATED_OBJC_IMPLEMENTATIONS = YES;
				CLANG_WARN_DIRECT_OBJC_ISA_USAGE = YES_ERROR;
				CLANG_WARN_DOCUMENTATION_COMMENTS = YES;
				CLANG_WARN_EMPTY_BODY = YES;
				CLANG_WARN_ENUM_CONVERSION = YES;
				CLANG_WARN_INFINITE_RECURSION = YES;
				CLANG_WARN_INT_CONVERSION = YES;
				CLANG_WARN_NON_LITERAL_NULL_CONVERSION = YES;
				CLANG_WARN_OBJC_IMPLICIT_RETAIN_SELF = YES;
				CLANG_WARN_OBJC_LITERAL_CONVERSION = YES;
				CLANG_WARN_OBJC_ROOT_CLASS = YES_ERROR;
				CLANG_WARN_RANGE_LOOP_ANALYSIS = YES;
				CLANG_WARN_STRICT_PROTOTYPES = YES;
				CLANG_WARN_SUSPICIOUS_MOVE = YES;
				CLANG_WARN_UNGUARDED_AVAILABILITY = YES_AGGRESSIVE;
				CLANG_WARN_UNREACHABLE_CODE = YES;
				CLANG_WARN__DUPLICATE_METHOD_MATCH = YES;
				CODE_SIGN_IDENTITY = "iPhone Developer";
				COPY_PHASE_STRIP = NO;
				DEBUG_INFORMATION_FORMAT = dwarf;
				ENABLE_STRICT_OBJC_MSGSEND = YES;
				ENABLE_TESTABILITY = YES;
				GCC_C_LANGUAGE_STANDARD = gnu11;
				GCC_DYNAMIC_NO_PIC = NO;
				GCC_NO_COMMON_BLOCKS = YES;
				GCC_OPTIMIZATION_LEVEL = 0;
				GCC_PREPROCESSOR_DEFINITIONS = (
					"DEBUG=1",
					"$(inherited)",
				);
				GCC_WARN_64_TO_32_BIT_CONVERSION = YES;
				GCC_WARN_ABOUT_RETURN_TYPE = YES_ERROR;
				GCC_WARN_UNDECLARED_SELECTOR = YES;
				GCC_WARN_UNINITIALIZED_AUTOS = YES_AGGRESSIVE;
				GCC_WARN_UNUSED_FUNCTION = YES;
				GCC_WARN_UNUSED_VARIABLE = YES;
				IPHONEOS_DEPLOYMENT_TARGET = 12.2;
				MTL_ENABLE_DEBUG_INFO = INCLUDE_SOURCE;
				MTL_FAST_MATH = YES;
				ONLY_ACTIVE_ARCH = YES;
				SDKROOT = iphoneos;
				SWIFT_ACTIVE_COMPILATION_CONDITIONS = DEBUG;
				SWIFT_OPTIMIZATION_LEVEL = "-Onone";
			};
			name = Debug;
		};
		F3DF2A2B22DF0FBA0025684E /* Release */ = {
			isa = XCBuildConfiguration;
			buildSettings = {
				ALWAYS_SEARCH_USER_PATHS = NO;
				CLANG_ANALYZER_NONNULL = YES;
				CLANG_ANALYZER_NUMBER_OBJECT_CONVERSION = YES_AGGRESSIVE;
				CLANG_CXX_LANGUAGE_STANDARD = "gnu++14";
				CLANG_CXX_LIBRARY = "libc++";
				CLANG_ENABLE_MODULES = YES;
				CLANG_ENABLE_OBJC_ARC = YES;
				CLANG_ENABLE_OBJC_WEAK = YES;
				CLANG_WARN_BLOCK_CAPTURE_AUTORELEASING = YES;
				CLANG_WARN_BOOL_CONVERSION = YES;
				CLANG_WARN_COMMA = YES;
				CLANG_WARN_CONSTANT_CONVERSION = YES;
				CLANG_WARN_DEPRECATED_OBJC_IMPLEMENTATIONS = YES;
				CLANG_WARN_DIRECT_OBJC_ISA_USAGE = YES_ERROR;
				CLANG_WARN_DOCUMENTATION_COMMENTS = YES;
				CLANG_WARN_EMPTY_BODY = YES;
				CLANG_WARN_ENUM_CONVERSION = YES;
				CLANG_WARN_INFINITE_RECURSION = YES;
				CLANG_WARN_INT_CONVERSION = YES;
				CLANG_WARN_NON_LITERAL_NULL_CONVERSION = YES;
				CLANG_WARN_OBJC_IMPLICIT_RETAIN_SELF = YES;
				CLANG_WARN_OBJC_LITERAL_CONVERSION = YES;
				CLANG_WARN_OBJC_ROOT_CLASS = YES_ERROR;
				CLANG_WARN_RANGE_LOOP_ANALYSIS = YES;
				CLANG_WARN_STRICT_PROTOTYPES = YES;
				CLANG_WARN_SUSPICIOUS_MOVE = YES;
				CLANG_WARN_UNGUARDED_AVAILABILITY = YES_AGGRESSIVE;
				CLANG_WARN_UNREACHABLE_CODE = YES;
				CLANG_WARN__DUPLICATE_METHOD_MATCH = YES;
				CODE_SIGN_IDENTITY = "iPhone Developer";
				COPY_PHASE_STRIP = NO;
				DEBUG_INFORMATION_FORMAT = "dwarf-with-dsym";
				ENABLE_NS_ASSERTIONS = NO;
				ENABLE_STRICT_OBJC_MSGSEND = YES;
				GCC_C_LANGUAGE_STANDARD = gnu11;
				GCC_NO_COMMON_BLOCKS = YES;
				GCC_WARN_64_TO_32_BIT_CONVERSION = YES;
				GCC_WARN_ABOUT_RETURN_TYPE = YES_ERROR;
				GCC_WARN_UNDECLARED_SELECTOR = YES;
				GCC_WARN_UNINITIALIZED_AUTOS = YES_AGGRESSIVE;
				GCC_WARN_UNUSED_FUNCTION = YES;
				GCC_WARN_UNUSED_VARIABLE = YES;
				IPHONEOS_DEPLOYMENT_TARGET = 12.2;
				MTL_ENABLE_DEBUG_INFO = NO;
				MTL_FAST_MATH = YES;
				SDKROOT = iphoneos;
				SWIFT_COMPILATION_MODE = wholemodule;
				SWIFT_OPTIMIZATION_LEVEL = "-O";
				VALIDATE_PRODUCT = YES;
			};
			name = Release;
		};
		F3DF2A2D22DF0FBA0025684E /* Debug */ = {
			isa = XCBuildConfiguration;
			baseConfigurationReference = 5AC7D78DC305AD4876EF7C68 /* Pods-DesignCodeAppLessons.debug.xcconfig */;
			buildSettings = {
				ASSETCATALOG_COMPILER_APPICON_NAME = AppIcon;
				CODE_SIGN_STYLE = Automatic;
				DEVELOPMENT_TEAM = GYWWW55376;
				INFOPLIST_FILE = DesignCodeAppLessons/Info.plist;
				IPHONEOS_DEPLOYMENT_TARGET = 11.0;
				LD_RUNPATH_SEARCH_PATHS = (
					"$(inherited)",
					"@executable_path/Frameworks",
				);
				PRODUCT_BUNDLE_IDENTIFIER = com.mcmikius.DesignCodeAppLessons;
				PRODUCT_NAME = "$(TARGET_NAME)";
				SWIFT_VERSION = 4.0;
				TARGETED_DEVICE_FAMILY = 1;
			};
			name = Debug;
		};
		F3DF2A2E22DF0FBA0025684E /* Release */ = {
			isa = XCBuildConfiguration;
			baseConfigurationReference = 99AF522CC4802C9E395E9914 /* Pods-DesignCodeAppLessons.release.xcconfig */;
			buildSettings = {
				ASSETCATALOG_COMPILER_APPICON_NAME = AppIcon;
				CODE_SIGN_STYLE = Automatic;
				DEVELOPMENT_TEAM = GYWWW55376;
				INFOPLIST_FILE = DesignCodeAppLessons/Info.plist;
				IPHONEOS_DEPLOYMENT_TARGET = 11.0;
				LD_RUNPATH_SEARCH_PATHS = (
					"$(inherited)",
					"@executable_path/Frameworks",
				);
				PRODUCT_BUNDLE_IDENTIFIER = com.mcmikius.DesignCodeAppLessons;
				PRODUCT_NAME = "$(TARGET_NAME)";
				SWIFT_VERSION = 4.0;
				TARGETED_DEVICE_FAMILY = 1;
			};
			name = Release;
		};
/* End XCBuildConfiguration section */

/* Begin XCConfigurationList section */
		F3DF2A1222DF0FB90025684E /* Build configuration list for PBXProject "DesignCodeAppLessons" */ = {
			isa = XCConfigurationList;
			buildConfigurations = (
				F3DF2A2A22DF0FBA0025684E /* Debug */,
				F3DF2A2B22DF0FBA0025684E /* Release */,
			);
			defaultConfigurationIsVisible = 0;
			defaultConfigurationName = Release;
		};
		F3DF2A2C22DF0FBA0025684E /* Build configuration list for PBXNativeTarget "DesignCodeAppLessons" */ = {
			isa = XCConfigurationList;
			buildConfigurations = (
				F3DF2A2D22DF0FBA0025684E /* Debug */,
				F3DF2A2E22DF0FBA0025684E /* Release */,
			);
			defaultConfigurationIsVisible = 0;
			defaultConfigurationName = Release;
		};
/* End XCConfigurationList section */
	};
	rootObject = F3DF2A0F22DF0FB90025684E /* Project object */;
}
